// !$*UTF8*$!
{
	archiveVersion = 1;
	classes = {
	};
	objectVersion = 46;
	objects = {

/* Begin PBXBuildFile section */
		721816F41E160E210072F168 /* AppDelegate.swift in Sources */ = {isa = PBXBuildFile; fileRef = 721816F31E160E210072F168 /* AppDelegate.swift */; };
		721816F61E160E210072F168 /* ViewController.swift in Sources */ = {isa = PBXBuildFile; fileRef = 721816F51E160E210072F168 /* ViewController.swift */; };
		721816F91E160E210072F168 /* Main.storyboard in Resources */ = {isa = PBXBuildFile; fileRef = 721816F71E160E210072F168 /* Main.storyboard */; };
		721816FB1E160E210072F168 /* Assets.xcassets in Resources */ = {isa = PBXBuildFile; fileRef = 721816FA1E160E210072F168 /* Assets.xcassets */; };
		721816FE1E160E210072F168 /* LaunchScreen.storyboard in Resources */ = {isa = PBXBuildFile; fileRef = 721816FC1E160E210072F168 /* LaunchScreen.storyboard */; };
		721817091E160E210072F168 /* RainyShinyCloudyTests.swift in Sources */ = {isa = PBXBuildFile; fileRef = 721817081E160E210072F168 /* RainyShinyCloudyTests.swift */; };
		721817141E160E210072F168 /* RainyShinyCloudyUITests.swift in Sources */ = {isa = PBXBuildFile; fileRef = 721817131E160E210072F168 /* RainyShinyCloudyUITests.swift */; };
/* End PBXBuildFile section */

/* Begin PBXContainerItemProxy section */
		721817051E160E210072F168 /* PBXContainerItemProxy */ = {
			isa = PBXContainerItemProxy;
			containerPortal = 721816E81E160E210072F168 /* Project object */;
			proxyType = 1;
			remoteGlobalIDString = 721816EF1E160E210072F168;
			remoteInfo = RainyShinyCloudy;
		};
		721817101E160E210072F168 /* PBXContainerItemProxy */ = {
			isa = PBXContainerItemProxy;
			containerPortal = 721816E81E160E210072F168 /* Project object */;
			proxyType = 1;
			remoteGlobalIDString = 721816EF1E160E210072F168;
			remoteInfo = RainyShinyCloudy;
		};
/* End PBXContainerItemProxy section */

/* Begin PBXFileReference section */
		721816F01E160E210072F168 /* RainyShinyCloudy.app */ = {isa = PBXFileReference; explicitFileType = wrapper.application; includeInIndex = 0; path = RainyShinyCloudy.app; sourceTree = BUILT_PRODUCTS_DIR; };
		721816F31E160E210072F168 /* AppDelegate.swift */ = {isa = PBXFileReference; lastKnownFileType = sourcecode.swift; path = AppDelegate.swift; sourceTree = "<group>"; };
		721816F51E160E210072F168 /* ViewController.swift */ = {isa = PBXFileReference; lastKnownFileType = sourcecode.swift; path = ViewController.swift; sourceTree = "<group>"; };
		721816F81E160E210072F168 /* Base */ = {isa = PBXFileReference; lastKnownFileType = file.storyboard; name = Base; path = Base.lproj/Main.storyboard; sourceTree = "<group>"; };
		721816FA1E160E210072F168 /* Assets.xcassets */ = {isa = PBXFileReference; lastKnownFileType = folder.assetcatalog; path = Assets.xcassets; sourceTree = "<group>"; };
		721816FD1E160E210072F168 /* Base */ = {isa = PBXFileReference; lastKnownFileType = file.storyboard; name = Base; path = Base.lproj/LaunchScreen.storyboard; sourceTree = "<group>"; };
		721816FF1E160E210072F168 /* Info.plist */ = {isa = PBXFileReference; lastKnownFileType = text.plist.xml; path = Info.plist; sourceTree = "<group>"; };
		721817041E160E210072F168 /* RainyShinyCloudyTests.xctest */ = {isa = PBXFileReference; explicitFileType = wrapper.cfbundle; includeInIndex = 0; path = RainyShinyCloudyTests.xctest; sourceTree = BUILT_PRODUCTS_DIR; };
		721817081E160E210072F168 /* RainyShinyCloudyTests.swift */ = {isa = PBXFileReference; lastKnownFileType = sourcecode.swift; path = RainyShinyCloudyTests.swift; sourceTree = "<group>"; };
		7218170A1E160E210072F168 /* Info.plist */ = {isa = PBXFileReference; lastKnownFileType = text.plist.xml; path = Info.plist; sourceTree = "<group>"; };
		7218170F1E160E210072F168 /* RainyShinyCloudyUITests.xctest */ = {isa = PBXFileReference; explicitFileType = wrapper.cfbundle; includeInIndex = 0; path = RainyShinyCloudyUITests.xctest; sourceTree = BUILT_PRODUCTS_DIR; };
		721817131E160E210072F168 /* RainyShinyCloudyUITests.swift */ = {isa = PBXFileReference; lastKnownFileType = sourcecode.swift; path = RainyShinyCloudyUITests.swift; sourceTree = "<group>"; };
		721817151E160E210072F168 /* Info.plist */ = {isa = PBXFileReference; lastKnownFileType = text.plist.xml; path = Info.plist; sourceTree = "<group>"; };
/* End PBXFileReference section */

/* Begin PBXFrameworksBuildPhase section */
		721816ED1E160E210072F168 /* Frameworks */ = {
			isa = PBXFrameworksBuildPhase;
			buildActionMask = 2147483647;
			files = (
			);
			runOnlyForDeploymentPostprocessing = 0;
		};
		721817011E160E210072F168 /* Frameworks */ = {
			isa = PBXFrameworksBuildPhase;
			buildActionMask = 2147483647;
			files = (
			);
			runOnlyForDeploymentPostprocessing = 0;
		};
		7218170C1E160E210072F168 /* Frameworks */ = {
			isa = PBXFrameworksBuildPhase;
			buildActionMask = 2147483647;
			files = (
			);
			runOnlyForDeploymentPostprocessing = 0;
		};
/* End PBXFrameworksBuildPhase section */

/* Begin PBXGroup section */
		721816E71E160E210072F168 = {
			isa = PBXGroup;
			children = (
				721816F21E160E210072F168 /* RainyShinyCloudy */,
				721817071E160E210072F168 /* RainyShinyCloudyTests */,
				721817121E160E210072F168 /* RainyShinyCloudyUITests */,
				721816F11E160E210072F168 /* Products */,
			);
			sourceTree = "<group>";
		};
		721816F11E160E210072F168 /* Products */ = {
			isa = PBXGroup;
			children = (
				721816F01E160E210072F168 /* RainyShinyCloudy.app */,
				721817041E160E210072F168 /* RainyShinyCloudyTests.xctest */,
				7218170F1E160E210072F168 /* RainyShinyCloudyUITests.xctest */,
			);
			name = Products;
			sourceTree = "<group>";
		};
		721816F21E160E210072F168 /* RainyShinyCloudy */ = {
			isa = PBXGroup;
			children = (
				721816F31E160E210072F168 /* AppDelegate.swift */,
				721816F51E160E210072F168 /* ViewController.swift */,
				721816F71E160E210072F168 /* Main.storyboard */,
				721816FA1E160E210072F168 /* Assets.xcassets */,
				721816FC1E160E210072F168 /* LaunchScreen.storyboard */,
				721816FF1E160E210072F168 /* Info.plist */,
			);
			path = RainyShinyCloudy;
			sourceTree = "<group>";
		};
		721817071E160E210072F168 /* RainyShinyCloudyTests */ = {
			isa = PBXGroup;
			children = (
				721817081E160E210072F168 /* RainyShinyCloudyTests.swift */,
				7218170A1E160E210072F168 /* Info.plist */,
			);
			path = RainyShinyCloudyTests;
			sourceTree = "<group>";
		};
		721817121E160E210072F168 /* RainyShinyCloudyUITests */ = {
			isa = PBXGroup;
			children = (
				721817131E160E210072F168 /* RainyShinyCloudyUITests.swift */,
				721817151E160E210072F168 /* Info.plist */,
			);
			path = RainyShinyCloudyUITests;
			sourceTree = "<group>";
		};
/* End PBXGroup section */

/* Begin PBXNativeTarget section */
		721816EF1E160E210072F168 /* RainyShinyCloudy */ = {
			isa = PBXNativeTarget;
			buildConfigurationList = 721817181E160E210072F168 /* Build configuration list for PBXNativeTarget "RainyShinyCloudy" */;
			buildPhases = (
				721816EC1E160E210072F168 /* Sources */,
				721816ED1E160E210072F168 /* Frameworks */,
				721816EE1E160E210072F168 /* Resources */,
			);
			buildRules = (
			);
			dependencies = (
			);
			name = RainyShinyCloudy;
			productName = RainyShinyCloudy;
			productReference = 721816F01E160E210072F168 /* RainyShinyCloudy.app */;
			productType = "com.apple.product-type.application";
		};
		721817031E160E210072F168 /* RainyShinyCloudyTests */ = {
			isa = PBXNativeTarget;
			buildConfigurationList = 7218171B1E160E210072F168 /* Build configuration list for PBXNativeTarget "RainyShinyCloudyTests" */;
			buildPhases = (
				721817001E160E210072F168 /* Sources */,
				721817011E160E210072F168 /* Frameworks */,
				721817021E160E210072F168 /* Resources */,
			);
			buildRules = (
			);
			dependencies = (
				721817061E160E210072F168 /* PBXTargetDependency */,
			);
			name = RainyShinyCloudyTests;
			productName = RainyShinyCloudyTests;
			productReference = 721817041E160E210072F168 /* RainyShinyCloudyTests.xctest */;
			productType = "com.apple.product-type.bundle.unit-test";
		};
		7218170E1E160E210072F168 /* RainyShinyCloudyUITests */ = {
			isa = PBXNativeTarget;
			buildConfigurationList = 7218171E1E160E210072F168 /* Build configuration list for PBXNativeTarget "RainyShinyCloudyUITests" */;
			buildPhases = (
				7218170B1E160E210072F168 /* Sources */,
				7218170C1E160E210072F168 /* Frameworks */,
				7218170D1E160E210072F168 /* Resources */,
			);
			buildRules = (
			);
			dependencies = (
				721817111E160E210072F168 /* PBXTargetDependency */,
			);
			name = RainyShinyCloudyUITests;
			productName = RainyShinyCloudyUITests;
			productReference = 7218170F1E160E210072F168 /* RainyShinyCloudyUITests.xctest */;
			productType = "com.apple.product-type.bundle.ui-testing";
		};
/* End PBXNativeTarget section */

/* Begin PBXProject section */
		721816E81E160E210072F168 /* Project object */ = {
			isa = PBXProject;
			attributes = {
				LastSwiftUpdateCheck = 0820;
				LastUpgradeCheck = 0820;
				ORGANIZATIONNAME = "Michael Mahon";
				TargetAttributes = {
					721816EF1E160E210072F168 = {
						CreatedOnToolsVersion = 8.2.1;
						DevelopmentTeam = T2RK559XL4;
						ProvisioningStyle = Automatic;
					};
					721817031E160E210072F168 = {
						CreatedOnToolsVersion = 8.2.1;
						DevelopmentTeam = T2RK559XL4;
						ProvisioningStyle = Automatic;
						TestTargetID = 721816EF1E160E210072F168;
					};
					7218170E1E160E210072F168 = {
						CreatedOnToolsVersion = 8.2.1;
						DevelopmentTeam = T2RK559XL4;
						ProvisioningStyle = Automatic;
						TestTargetID = 721816EF1E160E210072F168;
					};
				};
			};
			buildConfigurationList = 721816EB1E160E210072F168 /* Build configuration list for PBXProject "RainyShinyCloudy" */;
			compatibilityVersion = "Xcode 3.2";
			developmentRegion = English;
			hasScannedForEncodings = 0;
			knownRegions = (
				en,
				Base,
			);
			mainGroup = 721816E71E160E210072F168;
			productRefGroup = 721816F11E160E210072F168 /* Products */;
			projectDirPath = "";
			projectRoot = "";
			targets = (
				721816EF1E160E210072F168 /* RainyShinyCloudy */,
				721817031E160E210072F168 /* RainyShinyCloudyTests */,
				7218170E1E160E210072F168 /* RainyShinyCloudyUITests */,
			);
		};
/* End PBXProject section */

/* Begin PBXResourcesBuildPhase section */
		721816EE1E160E210072F168 /* Resources */ = {
			isa = PBXResourcesBuildPhase;
			buildActionMask = 2147483647;
			files = (
				721816FE1E160E210072F168 /* LaunchScreen.storyboard in Resources */,
				721816FB1E160E210072F168 /* Assets.xcassets in Resources */,
				721816F91E160E210072F168 /* Main.storyboard in Resources */,
			);
			runOnlyForDeploymentPostprocessing = 0;
		};
		721817021E160E210072F168 /* Resources */ = {
			isa = PBXResourcesBuildPhase;
			buildActionMask = 2147483647;
			files = (
			);
			runOnlyForDeploymentPostprocessing = 0;
		};
		7218170D1E160E210072F168 /* Resources */ = {
			isa = PBXResourcesBuildPhase;
			buildActionMask = 2147483647;
			files = (
			);
			runOnlyForDeploymentPostprocessing = 0;
		};
/* End PBXResourcesBuildPhase section */

/* Begin PBXSourcesBuildPhase section */
		721816EC1E160E210072F168 /* Sources */ = {
			isa = PBXSourcesBuildPhase;
			buildActionMask = 2147483647;
			files = (
				721816F61E160E210072F168 /* ViewController.swift in Sources */,
				721816F41E160E210072F168 /* AppDelegate.swift in Sources */,
			);
			runOnlyForDeploymentPostprocessing = 0;
		};
		721817001E160E210072F168 /* Sources */ = {
			isa = PBXSourcesBuildPhase;
			buildActionMask = 2147483647;
			files = (
				721817091E160E210072F168 /* RainyShinyCloudyTests.swift in Sources */,
			);
			runOnlyForDeploymentPostprocessing = 0;
		};
		7218170B1E160E210072F168 /* Sources */ = {
			isa = PBXSourcesBuildPhase;
			buildActionMask = 2147483647;
			files = (
				721817141E160E210072F168 /* RainyShinyCloudyUITests.swift in Sources */,
			);
			runOnlyForDeploymentPostprocessing = 0;
		};
/* End PBXSourcesBuildPhase section */

/* Begin PBXTargetDependency section */
		721817061E160E210072F168 /* PBXTargetDependency */ = {
			isa = PBXTargetDependency;
			target = 721816EF1E160E210072F168 /* RainyShinyCloudy */;
			targetProxy = 721817051E160E210072F168 /* PBXContainerItemProxy */;
		};
		721817111E160E210072F168 /* PBXTargetDependency */ = {
			isa = PBXTargetDependency;
			target = 721816EF1E160E210072F168 /* RainyShinyCloudy */;
			targetProxy = 721817101E160E210072F168 /* PBXContainerItemProxy */;
		};
/* End PBXTargetDependency section */

/* Begin PBXVariantGroup section */
		721816F71E160E210072F168 /* Main.storyboard */ = {
			isa = PBXVariantGroup;
			children = (
				721816F81E160E210072F168 /* Base */,
			);
			name = Main.storyboard;
			sourceTree = "<group>";
		};
		721816FC1E160E210072F168 /* LaunchScreen.storyboard */ = {
			isa = PBXVariantGroup;
			children = (
				721816FD1E160E210072F168 /* Base */,
			);
			name = LaunchScreen.storyboard;
			sourceTree = "<group>";
		};
/* End PBXVariantGroup section */

/* Begin XCBuildConfiguration section */
		721817161E160E210072F168 /* Debug */ = {
			isa = XCBuildConfiguration;
			buildSettings = {
				ALWAYS_SEARCH_USER_PATHS = NO;
				CLANG_ANALYZER_NONNULL = YES;
				CLANG_CXX_LANGUAGE_STANDARD = "gnu++0x";
				CLANG_CXX_LIBRARY = "libc++";
				CLANG_ENABLE_MODULES = YES;
				CLANG_ENABLE_OBJC_ARC = YES;
				CLANG_WARN_BOOL_CONVERSION = YES;
				CLANG_WARN_CONSTANT_CONVERSION = YES;
				CLANG_WARN_DIRECT_OBJC_ISA_USAGE = YES_ERROR;
				CLANG_WARN_DOCUMENTATION_COMMENTS = YES;
				CLANG_WARN_EMPTY_BODY = YES;
				CLANG_WARN_ENUM_CONVERSION = YES;
				CLANG_WARN_INFINITE_RECURSION = YES;
				CLANG_WARN_INT_CONVERSION = YES;
				CLANG_WARN_OBJC_ROOT_CLASS = YES_ERROR;
				CLANG_WARN_SUSPICIOUS_MOVE = YES;
				CLANG_WARN_UNREACHABLE_CODE = YES;
				CLANG_WARN__DUPLICATE_METHOD_MATCH = YES;
				"CODE_SIGN_IDENTITY[sdk=iphoneos*]" = "iPhone Developer";
				COPY_PHASE_STRIP = NO;
				DEBUG_INFORMATION_FORMAT = dwarf;
				ENABLE_STRICT_OBJC_MSGSEND = YES;
				ENABLE_TESTABILITY = YES;
				GCC_C_LANGUAGE_STANDARD = gnu99;
				GCC_DYNAMIC_NO_PIC = NO;
				GCC_NO_COMMON_BLOCKS = YES;
				GCC_OPTIMIZATION_LEVEL = 0;
				GCC_PREPROCESSOR_DEFINITIONS = (
					"DEBUG=1",
					"$(inherited)",
				);
				GCC_WARN_64_TO_32_BIT_CONVERSION = YES;
				GCC_WARN_ABOUT_RETURN_TYPE = YES_ERROR;
				GCC_WARN_UNDECLARED_SELECTOR = YES;
				GCC_WARN_UNINITIALIZED_AUTOS = YES_AGGRESSIVE;
				GCC_WARN_UNUSED_FUNCTION = YES;
				GCC_WARN_UNUSED_VARIABLE = YES;
				IPHONEOS_DEPLOYMENT_TARGET = 10.2;
				MTL_ENABLE_DEBUG_INFO = YES;
				ONLY_ACTIVE_ARCH = YES;
				SDKROOT = iphoneos;
				SWIFT_ACTIVE_COMPILATION_CONDITIONS = DEBUG;
				SWIFT_OPTIMIZATION_LEVEL = "-Onone";
				TARGETED_DEVICE_FAMILY = "1,2";
			};
			name = Debug;
		};
		721817171E160E210072F168 /* Release */ = {
			isa = XCBuildConfiguration;
			buildSettings = {
				ALWAYS_SEARCH_USER_PATHS = NO;
				CLANG_ANALYZER_NONNULL = YES;
				CLANG_CXX_LANGUAGE_STANDARD = "gnu++0x";
				CLANG_CXX_LIBRARY = "libc++";
				CLANG_ENABLE_MODULES = YES;
				CLANG_ENABLE_OBJC_ARC = YES;
				CLANG_WARN_BOOL_CONVERSION = YES;
				CLANG_WARN_CONSTANT_CONVERSION = YES;
				CLANG_WARN_DIRECT_OBJC_ISA_USAGE = YES_ERROR;
				CLANG_WARN_DOCUMENTATION_COMMENTS = YES;
				CLANG_WARN_EMPTY_BODY = YES;
				CLANG_WARN_ENUM_CONVERSION = YES;
				CLANG_WARN_INFINITE_RECURSION = YES;
				CLANG_WARN_INT_CONVERSION = YES;
				CLANG_WARN_OBJC_ROOT_CLASS = YES_ERROR;
				CLANG_WARN_SUSPICIOUS_MOVE = YES;
				CLANG_WARN_UNREACHABLE_CODE = YES;
				CLANG_WARN__DUPLICATE_METHOD_MATCH = YES;
				"CODE_SIGN_IDENTITY[sdk=iphoneos*]" = "iPhone Developer";
				COPY_PHASE_STRIP = NO;
				DEBUG_INFORMATION_FORMAT = "dwarf-with-dsym";
				ENABLE_NS_ASSERTIONS = NO;
				ENABLE_STRICT_OBJC_MSGSEND = YES;
				GCC_C_LANGUAGE_STANDARD = gnu99;
				GCC_NO_COMMON_BLOCKS = YES;
				GCC_WARN_64_TO_32_BIT_CONVERSION = YES;
				GCC_WARN_ABOUT_RETURN_TYPE = YES_ERROR;
				GCC_WARN_UNDECLARED_SELECTOR = YES;
				GCC_WARN_UNINITIALIZED_AUTOS = YES_AGGRESSIVE;
				GCC_WARN_UNUSED_FUNCTION = YES;
				GCC_WARN_UNUSED_VARIABLE = YES;
				IPHONEOS_DEPLOYMENT_TARGET = 10.2;
				MTL_ENABLE_DEBUG_INFO = NO;
				SDKROOT = iphoneos;
				SWIFT_OPTIMIZATION_LEVEL = "-Owholemodule";
				TARGETED_DEVICE_FAMILY = "1,2";
				VALIDATE_PRODUCT = YES;
			};
			name = Release;
		};
		721817191E160E210072F168 /* Debug */ = {
			isa = XCBuildConfiguration;
			buildSettings = {
				ASSETCATALOG_COMPILER_APPICON_NAME = AppIcon;
				DEVELOPMENT_TEAM = T2RK559XL4;
				INFOPLIST_FILE = RainyShinyCloudy/Info.plist;
				LD_RUNPATH_SEARCH_PATHS = "$(inherited) @executable_path/Frameworks";
				PRODUCT_BUNDLE_IDENTIFIER = com.mikemahon.RainyShinyCloudy;
				PRODUCT_NAME = "$(TARGET_NAME)";
				SWIFT_VERSION = 3.0;
			};
			name = Debug;
		};
		7218171A1E160E210072F168 /* Release */ = {
			isa = XCBuildConfiguration;
			buildSettings = {
				ASSETCATALOG_COMPILER_APPICON_NAME = AppIcon;
				DEVELOPMENT_TEAM = T2RK559XL4;
				INFOPLIST_FILE = RainyShinyCloudy/Info.plist;
				LD_RUNPATH_SEARCH_PATHS = "$(inherited) @executable_path/Frameworks";
				PRODUCT_BUNDLE_IDENTIFIER = com.mikemahon.RainyShinyCloudy;
				PRODUCT_NAME = "$(TARGET_NAME)";
				SWIFT_VERSION = 3.0;
			};
			name = Release;
		};
		7218171C1E160E210072F168 /* Debug */ = {
			isa = XCBuildConfiguration;
			buildSettings = {
				ALWAYS_EMBED_SWIFT_STANDARD_LIBRARIES = YES;
				BUNDLE_LOADER = "$(TEST_HOST)";
				DEVELOPMENT_TEAM = T2RK559XL4;
				INFOPLIST_FILE = RainyShinyCloudyTests/Info.plist;
				LD_RUNPATH_SEARCH_PATHS = "$(inherited) @executable_path/Frameworks @loader_path/Frameworks";
				PRODUCT_BUNDLE_IDENTIFIER = com.mikemahon.RainyShinyCloudyTests;
				PRODUCT_NAME = "$(TARGET_NAME)";
				SWIFT_VERSION = 3.0;
				TEST_HOST = "$(BUILT_PRODUCTS_DIR)/RainyShinyCloudy.app/RainyShinyCloudy";
			};
			name = Debug;
		};
		7218171D1E160E210072F168 /* Release */ = {
			isa = XCBuildConfiguration;
			buildSettings = {
				ALWAYS_EMBED_SWIFT_STANDARD_LIBRARIES = YES;
				BUNDLE_LOADER = "$(TEST_HOST)";
				DEVELOPMENT_TEAM = T2RK559XL4;
				INFOPLIST_FILE = RainyShinyCloudyTests/Info.plist;
				LD_RUNPATH_SEARCH_PATHS = "$(inherited) @executable_path/Frameworks @loader_path/Frameworks";
				PRODUCT_BUNDLE_IDENTIFIER = com.mikemahon.RainyShinyCloudyTests;
				PRODUCT_NAME = "$(TARGET_NAME)";
				SWIFT_VERSION = 3.0;
				TEST_HOST = "$(BUILT_PRODUCTS_DIR)/RainyShinyCloudy.app/RainyShinyCloudy";
			};
			name = Release;
		};
		7218171F1E160E210072F168 /* Debug */ = {
			isa = XCBuildConfiguration;
			buildSettings = {
				ALWAYS_EMBED_SWIFT_STANDARD_LIBRARIES = YES;
				DEVELOPMENT_TEAM = T2RK559XL4;
				INFOPLIST_FILE = RainyShinyCloudyUITests/Info.plist;
				LD_RUNPATH_SEARCH_PATHS = "$(inherited) @executable_path/Frameworks @loader_path/Frameworks";
				PRODUCT_BUNDLE_IDENTIFIER = com.mikemahon.RainyShinyCloudyUITests;
				PRODUCT_NAME = "$(TARGET_NAME)";
				SWIFT_VERSION = 3.0;
				TEST_TARGET_NAME = RainyShinyCloudy;
			};
			name = Debug;
		};
		721817201E160E210072F168 /* Release */ = {
			isa = XCBuildConfiguration;
			buildSettings = {
				ALWAYS_EMBED_SWIFT_STANDARD_LIBRARIES = YES;
				DEVELOPMENT_TEAM = T2RK559XL4;
				INFOPLIST_FILE = RainyShinyCloudyUITests/Info.plist;
				LD_RUNPATH_SEARCH_PATHS = "$(inherited) @executable_path/Frameworks @loader_path/Frameworks";
				PRODUCT_BUNDLE_IDENTIFIER = com.mikemahon.RainyShinyCloudyUITests;
				PRODUCT_NAME = "$(TARGET_NAME)";
				SWIFT_VERSION = 3.0;
				TEST_TARGET_NAME = RainyShinyCloudy;
			};
			name = Release;
		};
/* End XCBuildConfiguration section */

/* Begin XCConfigurationList section */
		721816EB1E160E210072F168 /* Build configuration list for PBXProject "RainyShinyCloudy" */ = {
			isa = XCConfigurationList;
			buildConfigurations = (
				721817161E160E210072F168 /* Debug */,
				721817171E160E210072F168 /* Release */,
			);
			defaultConfigurationIsVisible = 0;
			defaultConfigurationName = Release;
		};
		721817181E160E210072F168 /* Build configuration list for PBXNativeTarget "RainyShinyCloudy" */ = {
			isa = XCConfigurationList;
			buildConfigurations = (
				721817191E160E210072F168 /* Debug */,
				7218171A1E160E210072F168 /* Release */,
			);
			defaultConfigurationIsVisible = 0;
		};
		7218171B1E160E210072F168 /* Build configuration list for PBXNativeTarget "RainyShinyCloudyTests" */ = {
			isa = XCConfigurationList;
			buildConfigurations = (
				7218171C1E160E210072F168 /* Debug */,
				7218171D1E160E210072F168 /* Release */,
			);
			defaultConfigurationIsVisible = 0;
		};
		7218171E1E160E210072F168 /* Build configuration list for PBXNativeTarget "RainyShinyCloudyUITests" */ = {
			isa = XCConfigurationList;
			buildConfigurations = (
				7218171F1E160E210072F168 /* Debug */,
				721817201E160E210072F168 /* Release */,
			);
			defaultConfigurationIsVisible = 0;
		};
/* End XCConfigurationList section */
	};
	rootObject = 721816E81E160E210072F168 /* Project object */;
}
